// !$*UTF8*$!
{
	archiveVersion = 1;
	classes = {
	};
	objectVersion = 42;
	objects = {

/* Begin PBXBuildFile section */
		A550C1FA0B5C230700E7CE4E /* DJStatusView.m in Sources */ = {isa = PBXBuildFile; fileRef = A550C19D0B5C1F5E00E7CE4E /* DJStatusView.m */; };
		A56FA4F00B5BE5BF00BFE93E /* MainMenu.nib in Resources */ = {isa = PBXBuildFile; fileRef = 29B97319FDCFA39411CA2CEA /* MainMenu.nib */; };
		A56FA6050B5BF34300BFE93E /* NSFileManagerAdditions.m in Sources */ = {isa = PBXBuildFile; fileRef = A56FA5FE0B5BF32900BFE93E /* NSFileManagerAdditions.m */; };
		A5D983450C8B9184002A802F /* DropJPG512.icns in Resources */ = {isa = PBXBuildFile; fileRef = A5D983440C8B9184002A802F /* DropJPG512.icns */; };
		A5D984BD0C8B96D9002A802F /* InfoPlist.strings in Resources */ = {isa = PBXBuildFile; fileRef = A5D984BC0C8B96D9002A802F /* InfoPlist.strings */; };
		A5D984CA0C8B9878002A802F /* pippy.bmp in Resources */ = {isa = PBXBuildFile; fileRef = A5D984C90C8B9878002A802F /* pippy.bmp */; };
		A5FFEEC5081F35DB00935C4B /* main.m in Sources */ = {isa = PBXBuildFile; fileRef = 29B97316FDCFA39411CA2CEA /* main.m */; settings = {ATTRIBUTES = (); }; };
		A5FFEEC6081F35DB00935C4B /* AppController.m in Sources */ = {isa = PBXBuildFile; fileRef = F550B43602FECE9401A80164 /* AppController.m */; };
		A5FFEEC9081F35DB00935C4B /* Cocoa.framework in Frameworks */ = {isa = PBXBuildFile; fileRef = 1058C7A1FEA54F0111CA2CBB /* Cocoa.framework */; };
/* End PBXBuildFile section */

/* Begin PBXCopyFilesBuildPhase section */
		A5D986C20C8B9BF9002A802F /* Copy Frameworks */ = {
			isa = PBXCopyFilesBuildPhase;
			buildActionMask = 2147483647;
			dstPath = "";
			dstSubfolderSpec = 10;
			files = (
			);
			name = "Copy Frameworks";
			runOnlyForDeploymentPostprocessing = 0;
		};
/* End PBXCopyFilesBuildPhase section */

/* Begin PBXFileReference section */
		1058C7A1FEA54F0111CA2CBB /* Cocoa.framework */ = {isa = PBXFileReference; lastKnownFileType = wrapper.framework; name = Cocoa.framework; path = /System/Library/Frameworks/Cocoa.framework; sourceTree = "<absolute>"; };
		29B97316FDCFA39411CA2CEA /* main.m */ = {isa = PBXFileReference; fileEncoding = 30; lastKnownFileType = sourcecode.c.objc; path = main.m; sourceTree = "<group>"; };
		29B97319FDCFA39411CA2CEA /* MainMenu.nib */ = {isa = PBXFileReference; lastKnownFileType = wrapper.nib; path = MainMenu.nib; sourceTree = "<group>"; };
		A550C19C0B5C1F5E00E7CE4E /* DJStatusView.h */ = {isa = PBXFileReference; fileEncoding = 4; lastKnownFileType = sourcecode.c.h; path = DJStatusView.h; sourceTree = "<group>"; };
		A550C19D0B5C1F5E00E7CE4E /* DJStatusView.m */ = {isa = PBXFileReference; fileEncoding = 4; lastKnownFileType = sourcecode.c.objc; path = DJStatusView.m; sourceTree = "<group>"; };
		A56FA5FD0B5BF32900BFE93E /* NSFileManagerAdditions.h */ = {isa = PBXFileReference; fileEncoding = 4; lastKnownFileType = sourcecode.c.h; path = NSFileManagerAdditions.h; sourceTree = "<group>"; };
		A56FA5FE0B5BF32900BFE93E /* NSFileManagerAdditions.m */ = {isa = PBXFileReference; fileEncoding = 4; lastKnownFileType = sourcecode.c.objc; path = NSFileManagerAdditions.m; sourceTree = "<group>"; };
		A5D983440C8B9184002A802F /* DropJPG512.icns */ = {isa = PBXFileReference; lastKnownFileType = image.icns; path = DropJPG512.icns; sourceTree = "<group>"; };
		A5D984BC0C8B96D9002A802F /* InfoPlist.strings */ = {isa = PBXFileReference; fileEncoding = 10; lastKnownFileType = text.plist.strings; path = InfoPlist.strings; sourceTree = "<group>"; };
		A5D984C90C8B9878002A802F /* pippy.bmp */ = {isa = PBXFileReference; lastKnownFileType = image.bmp; path = pippy.bmp; sourceTree = "<group>"; };
		A5FFEECA081F35DB00935C4B /* Info.plist */ = {isa = PBXFileReference; lastKnownFileType = text.xml; path = Info.plist; sourceTree = "<group>"; };
		A5FFEECB081F35DB00935C4B /* DropJPG.app */ = {isa = PBXFileReference; explicitFileType = wrapper.application; includeInIndex = 0; path = DropJPG.app; sourceTree = BUILT_PRODUCTS_DIR; };
		F550B43502FECE9401A80164 /* AppController.h */ = {isa = PBXFileReference; fileEncoding = 30; lastKnownFileType = sourcecode.c.h; path = AppController.h; sourceTree = "<group>"; };
		F550B43602FECE9401A80164 /* AppController.m */ = {isa = PBXFileReference; fileEncoding = 30; lastKnownFileType = sourcecode.c.objc; path = AppController.m; sourceTree = "<group>"; };
/* End PBXFileReference section */

/* Begin PBXFrameworksBuildPhase section */
		A5FFEEC8081F35DB00935C4B /* Frameworks */ = {
			isa = PBXFrameworksBuildPhase;
			buildActionMask = 2147483647;
			files = (
				A5FFEEC9081F35DB00935C4B /* Cocoa.framework in Frameworks */,
			);
			runOnlyForDeploymentPostprocessing = 0;
		};
/* End PBXFrameworksBuildPhase section */

/* Begin PBXGroup section */
		080E96DDFE201D6D7F000001 /* Classes */ = {
			isa = PBXGroup;
			children = (
				29B97316FDCFA39411CA2CEA /* main.m */,
				F550B43502FECE9401A80164 /* AppController.h */,
				F550B43602FECE9401A80164 /* AppController.m */,
				A56FA5FD0B5BF32900BFE93E /* NSFileManagerAdditions.h */,
				A56FA5FE0B5BF32900BFE93E /* NSFileManagerAdditions.m */,
				A550C19C0B5C1F5E00E7CE4E /* DJStatusView.h */,
				A550C19D0B5C1F5E00E7CE4E /* DJStatusView.m */,
			);
			name = Classes;
			sourceTree = "<group>";
		};
		1058C7A0FEA54F0111CA2CBB /* Linked Frameworks */ = {
			isa = PBXGroup;
			children = (
				1058C7A1FEA54F0111CA2CBB /* Cocoa.framework */,
			);
			name = "Linked Frameworks";
			sourceTree = "<group>";
		};
		1058C7A2FEA54F0111CA2CBB /* Other Frameworks */ = {
			isa = PBXGroup;
			children = (
			);
			name = "Other Frameworks";
			sourceTree = "<group>";
		};
		19C28FACFE9D520D11CA2CBB /* Products */ = {
			isa = PBXGroup;
			children = (
				A5FFEECB081F35DB00935C4B /* DropJPG.app */,
			);
			name = Products;
			sourceTree = "<group>";
		};
		29B97314FDCFA39411CA2CEA /* DropJPEG */ = {
			isa = PBXGroup;
			children = (
				080E96DDFE201D6D7F000001 /* Classes */,
				29B97317FDCFA39411CA2CEA /* Resources */,
				A5FFEECA081F35DB00935C4B /* Info.plist */,
				29B97323FDCFA39411CA2CEA /* Frameworks */,
				19C28FACFE9D520D11CA2CBB /* Products */,
			);
			name = DropJPEG;
			sourceTree = "<group>";
		};
		29B97317FDCFA39411CA2CEA /* Resources */ = {
			isa = PBXGroup;
			children = (
				A5D983440C8B9184002A802F /* DropJPG512.icns */,
				29B97319FDCFA39411CA2CEA /* MainMenu.nib */,
				A5D984BC0C8B96D9002A802F /* InfoPlist.strings */,
				A5D984C90C8B9878002A802F /* pippy.bmp */,
			);
			name = Resources;
			sourceTree = "<group>";
		};
		29B97323FDCFA39411CA2CEA /* Frameworks */ = {
			isa = PBXGroup;
			children = (
				1058C7A0FEA54F0111CA2CBB /* Linked Frameworks */,
				1058C7A2FEA54F0111CA2CBB /* Other Frameworks */,
			);
			name = Frameworks;
			sourceTree = "<group>";
		};
/* End PBXGroup section */

/* Begin PBXNativeTarget section */
		A5FFEEBB081F35DB00935C4B /* DropJPG */ = {
			isa = PBXNativeTarget;
			buildConfigurationList = A58EC1E50856CA1500FC6F2D /* Build configuration list for PBXNativeTarget "DropJPG" */;
			buildPhases = (
				A5FFEEBF081F35DB00935C4B /* Resources */,
				A5FFEEC4081F35DB00935C4B /* Sources */,
				A5FFEEC8081F35DB00935C4B /* Frameworks */,
				A5D986C20C8B9BF9002A802F /* Copy Frameworks */,
			);
			buildRules = (
			);
			dependencies = (
			);
			name = DropJPG;
			productInstallPath = "$(HOME)/Applications";
			productName = DropJPEG;
			productReference = A5FFEECB081F35DB00935C4B /* DropJPG.app */;
			productType = "com.apple.product-type.application";
		};
/* End PBXNativeTarget section */

/* Begin PBXProject section */
		29B97313FDCFA39411CA2CEA /* Project object */ = {
			isa = PBXProject;
			buildConfigurationList = A58EC1E90856CA1500FC6F2D /* Build configuration list for PBXProject "DropJPG" */;
			hasScannedForEncodings = 1;
			knownRegions = (
				English,
				Japanese,
				French,
				German,
				Italian,
				Polish,
			);
			mainGroup = 29B97314FDCFA39411CA2CEA /* DropJPEG */;
			projectDirPath = "";
			targets = (
				A5FFEEBB081F35DB00935C4B /* DropJPG */,
			);
		};
/* End PBXProject section */

/* Begin PBXResourcesBuildPhase section */
		A5FFEEBF081F35DB00935C4B /* Resources */ = {
			isa = PBXResourcesBuildPhase;
			buildActionMask = 2147483647;
			files = (
				A56FA4F00B5BE5BF00BFE93E /* MainMenu.nib in Resources */,
				A5D983450C8B9184002A802F /* DropJPG512.icns in Resources */,
				A5D984BD0C8B96D9002A802F /* InfoPlist.strings in Resources */,
				A5D984CA0C8B9878002A802F /* pippy.bmp in Resources */,
			);
			runOnlyForDeploymentPostprocessing = 0;
		};
/* End PBXResourcesBuildPhase section */

/* Begin PBXSourcesBuildPhase section */
		A5FFEEC4081F35DB00935C4B /* Sources */ = {
			isa = PBXSourcesBuildPhase;
			buildActionMask = 2147483647;
			files = (
				A5FFEEC5081F35DB00935C4B /* main.m in Sources */,
				A5FFEEC6081F35DB00935C4B /* AppController.m in Sources */,
				A56FA6050B5BF34300BFE93E /* NSFileManagerAdditions.m in Sources */,
				A550C1FA0B5C230700E7CE4E /* DJStatusView.m in Sources */,
			);
			runOnlyForDeploymentPostprocessing = 0;
		};
/* End PBXSourcesBuildPhase section */

/* Begin XCBuildConfiguration section */
		A58EC1E60856CA1500FC6F2D /* Development */ = {
			isa = XCBuildConfiguration;
			buildSettings = {
				ARCHS = (
					ppc,
					i386,
				);
				COPY_PHASE_STRIP = NO;
				FRAMEWORK_SEARCH_PATHS = (
					"$(inherited)",
					"$(FRAMEWORK_SEARCH_PATHS_QUOTED_1)",
				);
				FRAMEWORK_SEARCH_PATHS_QUOTED_1 = "\"$(SRCROOT)\"";
				GCC_DYNAMIC_NO_PIC = NO;
				GCC_ENABLE_FIX_AND_CONTINUE = YES;
				GCC_GENERATE_DEBUGGING_SYMBOLS = YES;
				GCC_OPTIMIZATION_LEVEL = 0;
				HEADER_SEARCH_PATHS = "";
				INFOPLIST_FILE = Info.plist;
				INSTALL_PATH = "$(HOME)/Applications";
				LIBRARY_SEARCH_PATHS = "";
				MACOSX_DEPLOYMENT_TARGET = "";
				OPTIMIZATION_CFLAGS = "-O0";
				OTHER_CFLAGS = "";
				OTHER_LDFLAGS = "";
				PRODUCT_NAME = DropJPG;
				SECTORDER_FLAGS = "";
				WARNING_CFLAGS = (
					"-Wmost",
					"-Wno-four-char-constants",
					"-Wno-unknown-pragmas",
				);
				WRAPPER_EXTENSION = app;
				ZERO_LINK = YES;
			};
			name = Development;
		};
		A58EC1E70856CA1500FC6F2D /* Deployment */ = {
			isa = XCBuildConfiguration;
			buildSettings = {
				ARCHS = (
					ppc,
					i386,
				);
				COPY_PHASE_STRIP = YES;
				FRAMEWORK_SEARCH_PATHS = (
					"$(inherited)",
					"$(FRAMEWORK_SEARCH_PATHS_QUOTED_1)",
				);
				FRAMEWORK_SEARCH_PATHS_QUOTED_1 = "\"$(SRCROOT)\"";
				GCC_ENABLE_FIX_AND_CONTINUE = NO;
				HEADER_SEARCH_PATHS = "";
				INFOPLIST_FILE = Info.plist;
				INSTALL_PATH = "$(HOME)/Applications";
				LIBRARY_SEARCH_PATHS = "";
				MACOSX_DEPLOYMENT_TARGET = "";
				OTHER_CFLAGS = "";
				OTHER_LDFLAGS = "";
				PREBINDING = NO;
				PRODUCT_NAME = DropJPG;
				SECTORDER_FLAGS = "";
				WARNING_CFLAGS = "";
				WRAPPER_EXTENSION = app;
				ZERO_LINK = NO;
			};
			name = Deployment;
		};
		A58EC1E80856CA1500FC6F2D /* Default */ = {
			isa = XCBuildConfiguration;
			buildSettings = {
				FRAMEWORK_SEARCH_PATHS = (
					"$(inherited)",
					"$(FRAMEWORK_SEARCH_PATHS_QUOTED_1)",
				);
				FRAMEWORK_SEARCH_PATHS_QUOTED_1 = "\"$(SRCROOT)\"";
				HEADER_SEARCH_PATHS = "";
				INFOPLIST_FILE = Info.plist;
				INSTALL_PATH = "$(HOME)/Applications";
				LIBRARY_SEARCH_PATHS = "";
				MACOSX_DEPLOYMENT_TARGET = "";
				OTHER_CFLAGS = "";
				OTHER_LDFLAGS = "";
				PRODUCT_NAME = DropJPG;
				SECTORDER_FLAGS = "";
				WARNING_CFLAGS = (
					"-Wmost",
					"-Wno-four-char-constants",
					"-Wno-unknown-pragmas",
				);
				WRAPPER_EXTENSION = app;
			};
			name = Default;
		};
		A58EC1EA0856CA1500FC6F2D /* Development */ = {
			isa = XCBuildConfiguration;
			buildSettings = {
				MACOSX_DEPLOYMENT_TARGET = 10.4;
				SDKROOT = /Developer/SDKs/MacOSX10.4u.sdk;
			};
			name = Development;
		};
		A58EC1EB0856CA1500FC6F2D /* Deployment */ = {
			isa = XCBuildConfiguration;
			buildSettings = {
				MACOSX_DEPLOYMENT_TARGET = "";
				SDKROOT = /Developer/SDKs/MacOSX10.4u.sdk;
			};
			name = Deployment;
		};
		A58EC1EC0856CA1500FC6F2D /* Default */ = {
			isa = XCBuildConfiguration;
			buildSettings = {
				MACOSX_DEPLOYMENT_TARGET = 10.4;
				SDKROOT = /Developer/SDKs/MacOSX10.4u.sdk;
			};
			name = Default;
		};
/* End XCBuildConfiguration section */

/* Begin XCConfigurationList section */
		A58EC1E50856CA1500FC6F2D /* Build configuration list for PBXNativeTarget "DropJPG" */ = {
			isa = XCConfigurationList;
			buildConfigurations = (
				A58EC1E60856CA1500FC6F2D /* Development */,
				A58EC1E70856CA1500FC6F2D /* Deployment */,
				A58EC1E80856CA1500FC6F2D /* Default */,
			);
			defaultConfigurationIsVisible = 0;
			defaultConfigurationName = Default;
		};
		A58EC1E90856CA1500FC6F2D /* Build configuration list for PBXProject "DropJPG" */ = {
			isa = XCConfigurationList;
			buildConfigurations = (
				A58EC1EA0856CA1500FC6F2D /* Development */,
				A58EC1EB0856CA1500FC6F2D /* Deployment */,
				A58EC1EC0856CA1500FC6F2D /* Default */,
			);
			defaultConfigurationIsVisible = 0;
			defaultConfigurationName = Default;
		};
/* End XCConfigurationList section */
	};
	rootObject = 29B97313FDCFA39411CA2CEA /* Project object */;
}
