// !$*UTF8*$!
{
	archiveVersion = 1;
	classes = {
	};
	objectVersion = 46;
	objects = {

/* Begin PBXBuildFile section */
		A5AB45A91069C502001A25EA /* Prefs.xib in Resources */ = {isa = PBXBuildFile; fileRef = A5AB45A71069C502001A25EA /* Prefs.xib */; };
		A5AB45B01069C609001A25EA /* PrefsController.m in Sources */ = {isa = PBXBuildFile; fileRef = A5AB45AF1069C609001A25EA /* PrefsController.m */; };
		A5AB45C91069C765001A25EA /* Converter.m in Sources */ = {isa = PBXBuildFile; fileRef = A5AB45C81069C765001A25EA /* Converter.m */; };
		A5AB45F61069C85E001A25EA /* MainMenu.xib in Resources */ = {isa = PBXBuildFile; fileRef = A5AB45F41069C85E001A25EA /* MainMenu.xib */; };
		A5AB48131069FD46001A25EA /* NSFileManagerAdditions.m in Sources */ = {isa = PBXBuildFile; fileRef = A5AB48121069FD46001A25EA /* NSFileManagerAdditions.m */; };
		A5AB4B2B106B3BFC001A25EA /* sample.png in Resources */ = {isa = PBXBuildFile; fileRef = A5AB4B2A106B3BFC001A25EA /* sample.png */; };
		A5C156A210EFDD37002385B7 /* InfoPlist.strings in Resources */ = {isa = PBXBuildFile; fileRef = A5C156A010EFDD37002385B7 /* InfoPlist.strings */; };
		A5D983450C8B9184002A802F /* DropJPG512.icns in Resources */ = {isa = PBXBuildFile; fileRef = A5D983440C8B9184002A802F /* DropJPG512.icns */; };
		A5FFEEC5081F35DB00935C4B /* main.m in Sources */ = {isa = PBXBuildFile; fileRef = 29B97316FDCFA39411CA2CEA /* main.m */; settings = {ATTRIBUTES = (); }; };
		A5FFEEC6081F35DB00935C4B /* AppController.m in Sources */ = {isa = PBXBuildFile; fileRef = F550B43602FECE9401A80164 /* AppController.m */; };
		A5FFEEC9081F35DB00935C4B /* Cocoa.framework in Frameworks */ = {isa = PBXBuildFile; fileRef = 1058C7A1FEA54F0111CA2CBB /* Cocoa.framework */; };
/* End PBXBuildFile section */

/* Begin PBXFileReference section */
		1058C7A1FEA54F0111CA2CBB /* Cocoa.framework */ = {isa = PBXFileReference; lastKnownFileType = wrapper.framework; name = Cocoa.framework; path = /System/Library/Frameworks/Cocoa.framework; sourceTree = "<absolute>"; };
		29B97316FDCFA39411CA2CEA /* main.m */ = {isa = PBXFileReference; fileEncoding = 30; lastKnownFileType = sourcecode.c.objc; path = main.m; sourceTree = "<group>"; };
		A5AB45A81069C502001A25EA /* English */ = {isa = PBXFileReference; lastKnownFileType = file.xib; name = English; path = English.lproj/Prefs.xib; sourceTree = "<group>"; };
		A5AB45AE1069C609001A25EA /* PrefsController.h */ = {isa = PBXFileReference; fileEncoding = 4; lastKnownFileType = sourcecode.c.h; path = PrefsController.h; sourceTree = "<group>"; };
		A5AB45AF1069C609001A25EA /* PrefsController.m */ = {isa = PBXFileReference; fileEncoding = 4; lastKnownFileType = sourcecode.c.objc; path = PrefsController.m; sourceTree = "<group>"; };
		A5AB45C71069C765001A25EA /* Converter.h */ = {isa = PBXFileReference; fileEncoding = 4; lastKnownFileType = sourcecode.c.h; path = Converter.h; sourceTree = "<group>"; };
		A5AB45C81069C765001A25EA /* Converter.m */ = {isa = PBXFileReference; fileEncoding = 4; lastKnownFileType = sourcecode.c.objc; path = Converter.m; sourceTree = "<group>"; };
		A5AB45F51069C85E001A25EA /* English */ = {isa = PBXFileReference; lastKnownFileType = file.xib; name = English; path = English.lproj/MainMenu.xib; sourceTree = "<group>"; };
		A5AB48111069FD46001A25EA /* NSFileManagerAdditions.h */ = {isa = PBXFileReference; fileEncoding = 4; lastKnownFileType = sourcecode.c.h; path = NSFileManagerAdditions.h; sourceTree = "<group>"; };
		A5AB48121069FD46001A25EA /* NSFileManagerAdditions.m */ = {isa = PBXFileReference; fileEncoding = 4; lastKnownFileType = sourcecode.c.objc; path = NSFileManagerAdditions.m; sourceTree = "<group>"; };
		A5AB4B2A106B3BFC001A25EA /* sample.png */ = {isa = PBXFileReference; lastKnownFileType = image.png; path = sample.png; sourceTree = "<group>"; };
		A5C1557B10EFD26F002385B7 /* UserDefaults.h */ = {isa = PBXFileReference; fileEncoding = 4; lastKnownFileType = sourcecode.c.h; path = UserDefaults.h; sourceTree = "<group>"; };
		A5C156A110EFDD37002385B7 /* English */ = {isa = PBXFileReference; fileEncoding = 10; lastKnownFileType = text.plist.strings; name = English; path = English.lproj/InfoPlist.strings; sourceTree = "<group>"; };
		A5D983440C8B9184002A802F /* DropJPG512.icns */ = {isa = PBXFileReference; lastKnownFileType = image.icns; path = DropJPG512.icns; sourceTree = "<group>"; };
		A5FFEECA081F35DB00935C4B /* Info.plist */ = {isa = PBXFileReference; lastKnownFileType = text.plist.xml; path = Info.plist; sourceTree = "<group>"; };
		A5FFEECB081F35DB00935C4B /* DropJPG.app */ = {isa = PBXFileReference; explicitFileType = wrapper.application; includeInIndex = 0; path = DropJPG.app; sourceTree = BUILT_PRODUCTS_DIR; };
		F550B43502FECE9401A80164 /* AppController.h */ = {isa = PBXFileReference; fileEncoding = 30; lastKnownFileType = sourcecode.c.h; path = AppController.h; sourceTree = "<group>"; };
		F550B43602FECE9401A80164 /* AppController.m */ = {isa = PBXFileReference; fileEncoding = 30; lastKnownFileType = sourcecode.c.objc; path = AppController.m; sourceTree = "<group>"; };
/* End PBXFileReference section */

/* Begin PBXFrameworksBuildPhase section */
		A5FFEEC8081F35DB00935C4B /* Frameworks */ = {
			isa = PBXFrameworksBuildPhase;
			buildActionMask = 2147483647;
			files = (
				A5FFEEC9081F35DB00935C4B /* Cocoa.framework in Frameworks */,
			);
			runOnlyForDeploymentPostprocessing = 0;
		};
/* End PBXFrameworksBuildPhase section */

/* Begin PBXGroup section */
		080E96DDFE201D6D7F000001 /* Classes */ = {
			isa = PBXGroup;
			children = (
				29B97316FDCFA39411CA2CEA /* main.m */,
				A5C1557B10EFD26F002385B7 /* UserDefaults.h */,
				F550B43502FECE9401A80164 /* AppController.h */,
				F550B43602FECE9401A80164 /* AppController.m */,
				A5AB45AE1069C609001A25EA /* PrefsController.h */,
				A5AB45AF1069C609001A25EA /* PrefsController.m */,
				A5AB45C71069C765001A25EA /* Converter.h */,
				A5AB45C81069C765001A25EA /* Converter.m */,
				A5AB48111069FD46001A25EA /* NSFileManagerAdditions.h */,
				A5AB48121069FD46001A25EA /* NSFileManagerAdditions.m */,
			);
			name = Classes;
			sourceTree = "<group>";
		};
		19C28FACFE9D520D11CA2CBB /* Products */ = {
			isa = PBXGroup;
			children = (
				A5FFEECB081F35DB00935C4B /* DropJPG.app */,
			);
			name = Products;
			sourceTree = "<group>";
		};
		29B97314FDCFA39411CA2CEA /* DropJPEG */ = {
			isa = PBXGroup;
			children = (
				080E96DDFE201D6D7F000001 /* Classes */,
				29B97317FDCFA39411CA2CEA /* Resources */,
				A5FFEECA081F35DB00935C4B /* Info.plist */,
				29B97323FDCFA39411CA2CEA /* Frameworks */,
				19C28FACFE9D520D11CA2CBB /* Products */,
			);
			name = DropJPEG;
			sourceTree = "<group>";
		};
		29B97317FDCFA39411CA2CEA /* Resources */ = {
			isa = PBXGroup;
			children = (
				A5D983440C8B9184002A802F /* DropJPG512.icns */,
				A5AB45F41069C85E001A25EA /* MainMenu.xib */,
				A5AB45A71069C502001A25EA /* Prefs.xib */,
				A5C156A010EFDD37002385B7 /* InfoPlist.strings */,
				A5AB4B2A106B3BFC001A25EA /* sample.png */,
			);
			name = Resources;
			sourceTree = "<group>";
		};
		29B97323FDCFA39411CA2CEA /* Frameworks */ = {
			isa = PBXGroup;
			children = (
				1058C7A1FEA54F0111CA2CBB /* Cocoa.framework */,
			);
			name = Frameworks;
			sourceTree = "<group>";
		};
/* End PBXGroup section */

/* Begin PBXNativeTarget section */
		A5FFEEBB081F35DB00935C4B /* DropJPG */ = {
			isa = PBXNativeTarget;
			buildConfigurationList = A58EC1E50856CA1500FC6F2D /* Build configuration list for PBXNativeTarget "DropJPG" */;
			buildPhases = (
				A5FFEEBF081F35DB00935C4B /* Resources */,
				A5FFEEC4081F35DB00935C4B /* Sources */,
				A5FFEEC8081F35DB00935C4B /* Frameworks */,
			);
			buildRules = (
			);
			dependencies = (
			);
			name = DropJPG;
			productInstallPath = "$(HOME)/Applications";
			productName = DropJPEG;
			productReference = A5FFEECB081F35DB00935C4B /* DropJPG.app */;
			productType = "com.apple.product-type.application";
		};
/* End PBXNativeTarget section */

/* Begin PBXProject section */
		29B97313FDCFA39411CA2CEA /* Project object */ = {
			isa = PBXProject;
			attributes = {
				LastUpgradeCheck = 0610;
			};
			buildConfigurationList = A58EC1E90856CA1500FC6F2D /* Build configuration list for PBXProject "DropJPG" */;
			compatibilityVersion = "Xcode 3.2";
			developmentRegion = English;
			hasScannedForEncodings = 1;
			knownRegions = (
				English,
				Japanese,
				French,
				German,
				Italian,
				Polish,
			);
			mainGroup = 29B97314FDCFA39411CA2CEA /* DropJPEG */;
			projectDirPath = "";
			projectRoot = "";
			targets = (
				A5FFEEBB081F35DB00935C4B /* DropJPG */,
			);
		};
/* End PBXProject section */

/* Begin PBXResourcesBuildPhase section */
		A5FFEEBF081F35DB00935C4B /* Resources */ = {
			isa = PBXResourcesBuildPhase;
			buildActionMask = 2147483647;
			files = (
				A5D983450C8B9184002A802F /* DropJPG512.icns in Resources */,
				A5AB45A91069C502001A25EA /* Prefs.xib in Resources */,
				A5AB45F61069C85E001A25EA /* MainMenu.xib in Resources */,
				A5AB4B2B106B3BFC001A25EA /* sample.png in Resources */,
				A5C156A210EFDD37002385B7 /* InfoPlist.strings in Resources */,
			);
			runOnlyForDeploymentPostprocessing = 0;
		};
/* End PBXResourcesBuildPhase section */

/* Begin PBXSourcesBuildPhase section */
		A5FFEEC4081F35DB00935C4B /* Sources */ = {
			isa = PBXSourcesBuildPhase;
			buildActionMask = 2147483647;
			files = (
				A5FFEEC5081F35DB00935C4B /* main.m in Sources */,
				A5FFEEC6081F35DB00935C4B /* AppController.m in Sources */,
				A5AB45B01069C609001A25EA /* PrefsController.m in Sources */,
				A5AB45C91069C765001A25EA /* Converter.m in Sources */,
				A5AB48131069FD46001A25EA /* NSFileManagerAdditions.m in Sources */,
			);
			runOnlyForDeploymentPostprocessing = 0;
		};
/* End PBXSourcesBuildPhase section */

/* Begin PBXVariantGroup section */
		A5AB45A71069C502001A25EA /* Prefs.xib */ = {
			isa = PBXVariantGroup;
			children = (
				A5AB45A81069C502001A25EA /* English */,
			);
			name = Prefs.xib;
			sourceTree = "<group>";
		};
		A5AB45F41069C85E001A25EA /* MainMenu.xib */ = {
			isa = PBXVariantGroup;
			children = (
				A5AB45F51069C85E001A25EA /* English */,
			);
			name = MainMenu.xib;
			sourceTree = "<group>";
		};
		A5C156A010EFDD37002385B7 /* InfoPlist.strings */ = {
			isa = PBXVariantGroup;
			children = (
				A5C156A110EFDD37002385B7 /* English */,
			);
			name = InfoPlist.strings;
			sourceTree = "<group>";
		};
/* End PBXVariantGroup section */

/* Begin XCBuildConfiguration section */
		A58EC1E60856CA1500FC6F2D /* Development */ = {
			isa = XCBuildConfiguration;
			buildSettings = {
				COMBINE_HIDPI_IMAGES = YES;
				GCC_DYNAMIC_NO_PIC = NO;
				GCC_ENABLE_FIX_AND_CONTINUE = YES;
				GCC_GENERATE_DEBUGGING_SYMBOLS = YES;
				GCC_OPTIMIZATION_LEVEL = 0;
				INFOPLIST_FILE = Info.plist;
				PRODUCT_NAME = DropJPG;
				WRAPPER_EXTENSION = app;
			};
			name = Development;
		};
		A58EC1E70856CA1500FC6F2D /* Deployment */ = {
			isa = XCBuildConfiguration;
			buildSettings = {
				COMBINE_HIDPI_IMAGES = YES;
				COPY_PHASE_STRIP = YES;
				INFOPLIST_FILE = Info.plist;
				PRODUCT_NAME = DropJPG;
				WRAPPER_EXTENSION = app;
			};
			name = Deployment;
		};
		A58EC1E80856CA1500FC6F2D /* Default */ = {
			isa = XCBuildConfiguration;
			buildSettings = {
				COMBINE_HIDPI_IMAGES = YES;
				INFOPLIST_FILE = Info.plist;
				PRODUCT_NAME = DropJPG;
				WRAPPER_EXTENSION = app;
			};
			name = Default;
		};
		A58EC1EA0856CA1500FC6F2D /* Development */ = {
			isa = XCBuildConfiguration;
			buildSettings = {
				CLANG_ENABLE_OBJC_ARC = YES;
				GCC_TREAT_WARNINGS_AS_ERRORS = YES;
				MACOSX_DEPLOYMENT_TARGET = 10.8;
			};
			name = Development;
		};
		A58EC1EB0856CA1500FC6F2D /* Deployment */ = {
			isa = XCBuildConfiguration;
			buildSettings = {
				CLANG_ENABLE_OBJC_ARC = YES;
				GCC_TREAT_WARNINGS_AS_ERRORS = YES;
				MACOSX_DEPLOYMENT_TARGET = 10.8;
			};
			name = Deployment;
		};
		A58EC1EC0856CA1500FC6F2D /* Default */ = {
			isa = XCBuildConfiguration;
			buildSettings = {
				CLANG_ENABLE_OBJC_ARC = YES;
				GCC_TREAT_WARNINGS_AS_ERRORS = YES;
				GCC_WARN_ABOUT_RETURN_TYPE = NO;
				GCC_WARN_UNINITIALIZED_AUTOS = YES;
				GCC_WARN_UNUSED_FUNCTION = YES;
				GCC_WARN_UNUSED_PARAMETER = NO;
				GCC_WARN_UNUSED_VALUE = YES;
				GCC_WARN_UNUSED_VARIABLE = YES;
				MACOSX_DEPLOYMENT_TARGET = 10.8;
			};
			name = Default;
		};
/* End XCBuildConfiguration section */

/* Begin XCConfigurationList section */
		A58EC1E50856CA1500FC6F2D /* Build configuration list for PBXNativeTarget "DropJPG" */ = {
			isa = XCConfigurationList;
			buildConfigurations = (
				A58EC1E60856CA1500FC6F2D /* Development */,
				A58EC1E70856CA1500FC6F2D /* Deployment */,
				A58EC1E80856CA1500FC6F2D /* Default */,
			);
			defaultConfigurationIsVisible = 0;
			defaultConfigurationName = Default;
		};
		A58EC1E90856CA1500FC6F2D /* Build configuration list for PBXProject "DropJPG" */ = {
			isa = XCConfigurationList;
			buildConfigurations = (
				A58EC1EA0856CA1500FC6F2D /* Development */,
				A58EC1EB0856CA1500FC6F2D /* Deployment */,
				A58EC1EC0856CA1500FC6F2D /* Default */,
			);
			defaultConfigurationIsVisible = 0;
			defaultConfigurationName = Default;
		};
/* End XCConfigurationList section */
	};
	rootObject = 29B97313FDCFA39411CA2CEA /* Project object */;
}
