// !$*UTF8*$!
{
	archiveVersion = 1;
	classes = {
	};
	objectVersion = 39;
	objects = {
		080E96DDFE201D6D7F000001 = {
			children = (
				F550B43502FECE9401A80164,
				F550B43602FECE9401A80164,
				F5D4EC900363175901D2E90A,
				F5D4EC910363175901D2E90A,
			);
			isa = PBXGroup;
			name = Classes;
			refType = 4;
			sourceTree = "<group>";
		};
		089C165CFE840E0CC02AAC07 = {
			children = (
				089C165DFE840E0CC02AAC07,
			);
			isa = PBXVariantGroup;
			name = InfoPlist.strings;
			refType = 4;
			sourceTree = "<group>";
		};
		089C165DFE840E0CC02AAC07 = {
			fileEncoding = 10;
			isa = PBXFileReference;
			lastKnownFileType = text.plist.strings;
			name = Global;
			path = InfoPlist.strings;
			refType = 4;
			sourceTree = "<group>";
		};
//080
//081
//082
//083
//084
//100
//101
//102
//103
//104
		1058C7A0FEA54F0111CA2CBB = {
			children = (
				1058C7A1FEA54F0111CA2CBB,
			);
			isa = PBXGroup;
			name = "Linked Frameworks";
			refType = 4;
			sourceTree = "<group>";
		};
		1058C7A1FEA54F0111CA2CBB = {
			isa = PBXFileReference;
			lastKnownFileType = wrapper.framework;
			name = Cocoa.framework;
			path = /System/Library/Frameworks/Cocoa.framework;
			refType = 0;
			sourceTree = "<absolute>";
		};
		1058C7A2FEA54F0111CA2CBB = {
			children = (
				29B97325FDCFA39411CA2CEA,
				29B97324FDCFA39411CA2CEA,
			);
			isa = PBXGroup;
			name = "Other Frameworks";
			refType = 4;
			sourceTree = "<group>";
		};
//100
//101
//102
//103
//104
//190
//191
//192
//193
//194
		19C28FACFE9D520D11CA2CBB = {
			children = (
				A5FFEECB081F35DB00935C4B,
			);
			isa = PBXGroup;
			name = Products;
			refType = 4;
			sourceTree = "<group>";
		};
//190
//191
//192
//193
//194
//290
//291
//292
//293
//294
		29B97313FDCFA39411CA2CEA = {
			buildSettings = {
			};
			buildStyles = (
				4A9504CCFFE6A4B311CA0CBA,
				4A9504CDFFE6A4B311CA0CBA,
			);
			hasScannedForEncodings = 1;
			isa = PBXProject;
			knownRegions = (
				English,
				Japanese,
				French,
				German,
				Italian,
				Polish,
			);
			mainGroup = 29B97314FDCFA39411CA2CEA;
			projectDirPath = "";
			targets = (
				A5FFEEBB081F35DB00935C4B,
			);
		};
		29B97314FDCFA39411CA2CEA = {
			children = (
				080E96DDFE201D6D7F000001,
				29B97315FDCFA39411CA2CEA,
				29B97317FDCFA39411CA2CEA,
				29B97323FDCFA39411CA2CEA,
				19C28FACFE9D520D11CA2CBB,
				A5FFEECA081F35DB00935C4B,
			);
			isa = PBXGroup;
			name = DropJPEG;
			path = "";
			refType = 4;
			sourceTree = "<group>";
		};
		29B97315FDCFA39411CA2CEA = {
			children = (
				29B97316FDCFA39411CA2CEA,
			);
			isa = PBXGroup;
			name = "Other Sources";
			path = "";
			refType = 4;
			sourceTree = "<group>";
		};
		29B97316FDCFA39411CA2CEA = {
			fileEncoding = 30;
			isa = PBXFileReference;
			lastKnownFileType = sourcecode.c.objc;
			path = main.m;
			refType = 4;
			sourceTree = "<group>";
		};
		29B97317FDCFA39411CA2CEA = {
			children = (
				F61B6E6F0487E88A015F5C4B,
				29B97318FDCFA39411CA2CEA,
				F5D0E4E40362FD8C01D2E90A,
				089C165CFE840E0CC02AAC07,
			);
			isa = PBXGroup;
			name = Resources;
			path = "";
			refType = 4;
			sourceTree = "<group>";
		};
		29B97318FDCFA39411CA2CEA = {
			children = (
				29B97319FDCFA39411CA2CEA,
				F545F277036C63D901D2E90A,
				F61B6E760487E9A7015F5C4B,
				A58C7DF9057304EA00AD1269,
				A5FFEF2A081F3F6E00935C4B,
			);
			isa = PBXVariantGroup;
			name = MainMenu.nib;
			path = "";
			refType = 4;
			sourceTree = "<group>";
		};
		29B97319FDCFA39411CA2CEA = {
			isa = PBXFileReference;
			lastKnownFileType = wrapper.nib;
			name = English;
			path = English.lproj/MainMenu.nib;
			refType = 4;
			sourceTree = "<group>";
		};
		29B97323FDCFA39411CA2CEA = {
			children = (
				1058C7A0FEA54F0111CA2CBB,
				1058C7A2FEA54F0111CA2CBB,
			);
			isa = PBXGroup;
			name = Frameworks;
			path = "";
			refType = 4;
			sourceTree = "<group>";
		};
		29B97324FDCFA39411CA2CEA = {
			isa = PBXFileReference;
			lastKnownFileType = wrapper.framework;
			name = AppKit.framework;
			path = /System/Library/Frameworks/AppKit.framework;
			refType = 0;
			sourceTree = "<absolute>";
		};
		29B97325FDCFA39411CA2CEA = {
			isa = PBXFileReference;
			lastKnownFileType = wrapper.framework;
			name = Foundation.framework;
			path = /System/Library/Frameworks/Foundation.framework;
			refType = 0;
			sourceTree = "<absolute>";
		};
//290
//291
//292
//293
//294
//4A0
//4A1
//4A2
//4A3
//4A4
		4A9504CCFFE6A4B311CA0CBA = {
			buildSettings = {
				COPY_PHASE_STRIP = NO;
				GCC_DYNAMIC_NO_PIC = NO;
				GCC_ENABLE_FIX_AND_CONTINUE = YES;
				GCC_GENERATE_DEBUGGING_SYMBOLS = YES;
				GCC_OPTIMIZATION_LEVEL = 0;
				OPTIMIZATION_CFLAGS = "-O0";
				ZERO_LINK = YES;
			};
			isa = PBXBuildStyle;
			name = Development;
		};
		4A9504CDFFE6A4B311CA0CBA = {
			buildSettings = {
				COPY_PHASE_STRIP = YES;
				GCC_ENABLE_FIX_AND_CONTINUE = NO;
				ZERO_LINK = NO;
			};
			isa = PBXBuildStyle;
			name = Deployment;
		};
//4A0
//4A1
//4A2
//4A3
//4A4
//A50
//A51
//A52
//A53
//A54
		A58C7DF7057304D000AD1269 = {
			isa = PBXFileReference;
			lastKnownFileType = wrapper.nib;
			name = Japanese;
			path = Japanese.lproj/Preferences.nib;
			refType = 4;
			sourceTree = "<group>";
		};
		A58C7DF9057304EA00AD1269 = {
			isa = PBXFileReference;
			lastKnownFileType = wrapper.nib;
			name = Japanese;
			path = Japanese.lproj/MainMenu.nib;
			refType = 4;
			sourceTree = "<group>";
		};
		A5FFEEBB081F35DB00935C4B = {
			buildPhases = (
				A5FFEEBC081F35DB00935C4B,
				A5FFEEBF081F35DB00935C4B,
				A5FFEEC4081F35DB00935C4B,
				A5FFEEC8081F35DB00935C4B,
			);
			buildRules = (
			);
			buildSettings = {
				FRAMEWORK_SEARCH_PATHS = "";
				HEADER_SEARCH_PATHS = "";
				INFOPLIST_FILE = "Info-DropJPEG__Upgraded_.plist";
				INSTALL_PATH = "$(HOME)/Applications";
				LIBRARY_SEARCH_PATHS = "";
				OTHER_CFLAGS = "";
				OTHER_LDFLAGS = "";
				PRODUCT_NAME = DropJPG;
				SECTORDER_FLAGS = "";
				WARNING_CFLAGS = "-Wmost -Wno-four-char-constants -Wno-unknown-pragmas";
				WRAPPER_EXTENSION = app;
			};
			dependencies = (
			);
			isa = PBXNativeTarget;
			name = DropJPG;
			productInstallPath = "$(HOME)/Applications";
			productName = DropJPEG;
			productReference = A5FFEECB081F35DB00935C4B;
			productType = "com.apple.product-type.application";
		};
		A5FFEEBC081F35DB00935C4B = {
			buildActionMask = 2147483647;
			files = (
				A5FFEEBD081F35DB00935C4B,
				A5FFEEBE081F35DB00935C4B,
			);
			isa = PBXHeadersBuildPhase;
			runOnlyForDeploymentPostprocessing = 0;
		};
		A5FFEEBD081F35DB00935C4B = {
			fileRef = F550B43502FECE9401A80164;
			isa = PBXBuildFile;
			settings = {
			};
		};
		A5FFEEBE081F35DB00935C4B = {
			fileRef = F5D4EC900363175901D2E90A;
			isa = PBXBuildFile;
			settings = {
			};
		};
		A5FFEEBF081F35DB00935C4B = {
			buildActionMask = 2147483647;
			files = (
				A5FFEEC0081F35DB00935C4B,
				A5FFEEC1081F35DB00935C4B,
				A5FFEEC2081F35DB00935C4B,
				A5FFEEC3081F35DB00935C4B,
			);
			isa = PBXResourcesBuildPhase;
			runOnlyForDeploymentPostprocessing = 0;
		};
		A5FFEEC0081F35DB00935C4B = {
			fileRef = 29B97318FDCFA39411CA2CEA;
			isa = PBXBuildFile;
			settings = {
			};
		};
		A5FFEEC1081F35DB00935C4B = {
			fileRef = F5D0E4E40362FD8C01D2E90A;
			isa = PBXBuildFile;
			settings = {
			};
		};
		A5FFEEC2081F35DB00935C4B = {
			fileRef = 089C165CFE840E0CC02AAC07;
			isa = PBXBuildFile;
			settings = {
			};
		};
		A5FFEEC3081F35DB00935C4B = {
			fileRef = F61B6E6F0487E88A015F5C4B;
			isa = PBXBuildFile;
			settings = {
			};
		};
		A5FFEEC4081F35DB00935C4B = {
			buildActionMask = 2147483647;
			files = (
				A5FFEEC5081F35DB00935C4B,
				A5FFEEC6081F35DB00935C4B,
				A5FFEEC7081F35DB00935C4B,
			);
			isa = PBXSourcesBuildPhase;
			runOnlyForDeploymentPostprocessing = 0;
		};
		A5FFEEC5081F35DB00935C4B = {
			fileRef = 29B97316FDCFA39411CA2CEA;
			isa = PBXBuildFile;
			settings = {
				ATTRIBUTES = (
				);
			};
		};
		A5FFEEC6081F35DB00935C4B = {
			fileRef = F550B43602FECE9401A80164;
			isa = PBXBuildFile;
			settings = {
			};
		};
		A5FFEEC7081F35DB00935C4B = {
			fileRef = F5D4EC910363175901D2E90A;
			isa = PBXBuildFile;
			settings = {
			};
		};
		A5FFEEC8081F35DB00935C4B = {
			buildActionMask = 2147483647;
			files = (
				A5FFEEC9081F35DB00935C4B,
			);
			isa = PBXFrameworksBuildPhase;
			runOnlyForDeploymentPostprocessing = 0;
		};
		A5FFEEC9081F35DB00935C4B = {
			fileRef = 1058C7A1FEA54F0111CA2CBB;
			isa = PBXBuildFile;
			settings = {
			};
		};
		A5FFEECA081F35DB00935C4B = {
			isa = PBXFileReference;
			lastKnownFileType = text.xml;
			path = "Info-DropJPEG__Upgraded_.plist";
			refType = 4;
			sourceTree = "<group>";
		};
		A5FFEECB081F35DB00935C4B = {
			explicitFileType = wrapper.application;
			includeInIndex = 0;
			isa = PBXFileReference;
			path = DropJPG.app;
			refType = 3;
			sourceTree = BUILT_PRODUCTS_DIR;
		};
		A5FFEF2A081F3F6E00935C4B = {
			isa = PBXFileReference;
			lastKnownFileType = wrapper.nib;
			name = Polish;
			path = Polish.lproj/MainMenu.nib;
			refType = 4;
			sourceTree = "<group>";
		};
		A5FFEF2D081F3F7300935C4B = {
			isa = PBXFileReference;
			lastKnownFileType = wrapper.nib;
			name = Polish;
			path = Polish.lproj/Preferences.nib;
			refType = 4;
			sourceTree = "<group>";
		};
//A50
//A51
//A52
//A53
//A54
//F50
//F51
//F52
//F53
//F54
		F545F277036C63D901D2E90A = {
			isa = PBXFileReference;
			lastKnownFileType = wrapper.nib;
			name = German;
			path = German.lproj/MainMenu.nib;
			refType = 4;
			sourceTree = "<group>";
		};
		F545F278036C63EC01D2E90A = {
			isa = PBXFileReference;
			lastKnownFileType = wrapper.nib;
			name = German;
			path = German.lproj/Preferences.nib;
			refType = 4;
			sourceTree = "<group>";
		};
		F550B43502FECE9401A80164 = {
			fileEncoding = 30;
			isa = PBXFileReference;
			lastKnownFileType = sourcecode.c.h;
			path = AppController.h;
			refType = 4;
			sourceTree = "<group>";
		};
		F550B43602FECE9401A80164 = {
			fileEncoding = 30;
			isa = PBXFileReference;
			lastKnownFileType = sourcecode.c.objc;
			path = AppController.m;
			refType = 4;
			sourceTree = "<group>";
		};
		F5D0E4E40362FD8C01D2E90A = {
			children = (
				F5D0E4E50362FD8C01D2E90A,
				F545F278036C63EC01D2E90A,
				F61B6E770487E9AB015F5C4B,
				A58C7DF7057304D000AD1269,
				A5FFEF2D081F3F7300935C4B,
			);
			isa = PBXVariantGroup;
			name = Preferences.nib;
			path = "";
			refType = 4;
			sourceTree = "<group>";
		};
		F5D0E4E50362FD8C01D2E90A = {
			isa = PBXFileReference;
			lastKnownFileType = wrapper.nib;
			name = English;
			path = English.lproj/Preferences.nib;
			refType = 4;
			sourceTree = "<group>";
		};
		F5D4EC900363175901D2E90A = {
			fileEncoding = 30;
			isa = PBXFileReference;
			lastKnownFileType = sourcecode.c.h;
			path = Prefs.h;
			refType = 4;
			sourceTree = "<group>";
		};
		F5D4EC910363175901D2E90A = {
			fileEncoding = 30;
			isa = PBXFileReference;
			lastKnownFileType = sourcecode.c.objc;
			path = Prefs.m;
			refType = 4;
			sourceTree = "<group>";
		};
//F50
//F51
//F52
//F53
//F54
//F60
//F61
//F62
//F63
//F64
		F61B6E6F0487E88A015F5C4B = {
			isa = PBXFileReference;
			lastKnownFileType = image.icns;
			path = icon.icns;
			refType = 4;
			sourceTree = "<group>";
		};
		F61B6E760487E9A7015F5C4B = {
			isa = PBXFileReference;
			lastKnownFileType = wrapper.nib;
			name = French;
			path = French.lproj/MainMenu.nib;
			refType = 4;
			sourceTree = "<group>";
		};
		F61B6E770487E9AB015F5C4B = {
			isa = PBXFileReference;
			lastKnownFileType = wrapper.nib;
			name = French;
			path = French.lproj/Preferences.nib;
			refType = 4;
			sourceTree = "<group>";
		};
	};
	rootObject = 29B97313FDCFA39411CA2CEA;
}
